{
  "object": {
    "pins": [
      {
        "package": "SwiftySCADKit",
        "repositoryURL": "https://github.com/Samasaur1/SwiftySCADKit",
        "state": {
          "branch": "dsl",
          "revision": "3a8c7a9c72589abb79f175fe75f1dca45751ad90",
          "version": null
        }
      }
    ]
  },
  "version": 1
}
