{
  "object": {
    "pins": [
      {
        "package": "SwiftySCADKit",
        "repositoryURL": "https://github.com/Samasaur1/SwiftySCADKit",
        "state": {
          "branch": "dsl",
          "revision": "9c5c2bfb52ebe9d0bb4ffc4c9d09403219259e60",
          "version": null
        }
      }
    ]
  },
  "version": 1
}
