{
  "object": {
    "pins": [
      {
        "package": "SwiftySCADKit",
        "repositoryURL": "https://github.com/Samasaur1/SwiftySCADKit",
        "state": {
          "branch": "dsl",
          "revision": "bc8d15f5fef9aab91be4b7fce766f79b6e03c39f",
          "version": null
        }
      }
    ]
  },
  "version": 1
}
